{
  "name": "pot-and-thyme-test",
  "version": "1.0.0",
  "lockfileVersion": 3,
  "requires": true,
  "packages": {
    "": {
      "name": "pot-and-thyme-test",
      "version": "1.0.0",
      "workspaces": [
        "apps/web",
        "apps/mobile"
      ]
    },
    "apps/mobile": {
      "name": "pot-and-thyme-test-mobile"
    },
    "apps/web": {
      "name": "pot-and-thyme-test-web"
    },
    "node_modules/pot-and-thyme-test-mobile": {
      "resolved": "apps/mobile",
      "link": true
    },
    "node_modules/pot-and-thyme-test-web": {
      "resolved": "apps/web",
      "link": true
    }
  }
}
